// !$*UTF8*$!
{
	archiveVersion = 1;
	classes = {
	};
	objectVersion = 50;
	objects = {

/* Begin PBXBuildFile section */
		6C566B8E251934F60095ABAF /* AppDelegate.swift in Sources */ = {isa = PBXBuildFile; fileRef = 6C566B8D251934F60095ABAF /* AppDelegate.swift */; };
		6C566B90251934F60095ABAF /* SceneDelegate.swift in Sources */ = {isa = PBXBuildFile; fileRef = 6C566B8F251934F60095ABAF /* SceneDelegate.swift */; };
		6C566B92251934F60095ABAF /* ContentView.swift in Sources */ = {isa = PBXBuildFile; fileRef = 6C566B91251934F60095ABAF /* ContentView.swift */; };
		6C566B94251934F90095ABAF /* Assets.xcassets in Resources */ = {isa = PBXBuildFile; fileRef = 6C566B93251934F90095ABAF /* Assets.xcassets */; };
		6C566B97251934F90095ABAF /* Preview Assets.xcassets in Resources */ = {isa = PBXBuildFile; fileRef = 6C566B96251934F90095ABAF /* Preview Assets.xcassets */; };
		6C566B9A251934F90095ABAF /* LaunchScreen.storyboard in Resources */ = {isa = PBXBuildFile; fileRef = 6C566B98251934F90095ABAF /* LaunchScreen.storyboard */; };
		6C566BA5251934F90095ABAF /* SearchFilterTests.swift in Sources */ = {isa = PBXBuildFile; fileRef = 6C566BA4251934F90095ABAF /* SearchFilterTests.swift */; };
		6C566BB0251934F90095ABAF /* SearchFilterUITests.swift in Sources */ = {isa = PBXBuildFile; fileRef = 6C566BAF251934F90095ABAF /* SearchFilterUITests.swift */; };
/* End PBXBuildFile section */

/* Begin PBXContainerItemProxy section */
		6C566BA1251934F90095ABAF /* PBXContainerItemProxy */ = {
			isa = PBXContainerItemProxy;
			containerPortal = 6C566B82251934F60095ABAF /* Project object */;
			proxyType = 1;
			remoteGlobalIDString = 6C566B89251934F60095ABAF;
			remoteInfo = SearchFilter;
		};
		6C566BAC251934F90095ABAF /* PBXContainerItemProxy */ = {
			isa = PBXContainerItemProxy;
			containerPortal = 6C566B82251934F60095ABAF /* Project object */;
			proxyType = 1;
			remoteGlobalIDString = 6C566B89251934F60095ABAF;
			remoteInfo = SearchFilter;
		};
/* End PBXContainerItemProxy section */

/* Begin PBXFileReference section */
		6C566B8A251934F60095ABAF /* SearchFilter.app */ = {isa = PBXFileReference; explicitFileType = wrapper.application; includeInIndex = 0; path = SearchFilter.app; sourceTree = BUILT_PRODUCTS_DIR; };
		6C566B8D251934F60095ABAF /* AppDelegate.swift */ = {isa = PBXFileReference; lastKnownFileType = sourcecode.swift; path = AppDelegate.swift; sourceTree = "<group>"; };
		6C566B8F251934F60095ABAF /* SceneDelegate.swift */ = {isa = PBXFileReference; lastKnownFileType = sourcecode.swift; path = SceneDelegate.swift; sourceTree = "<group>"; };
		6C566B91251934F60095ABAF /* ContentView.swift */ = {isa = PBXFileReference; lastKnownFileType = sourcecode.swift; path = ContentView.swift; sourceTree = "<group>"; };
		6C566B93251934F90095ABAF /* Assets.xcassets */ = {isa = PBXFileReference; lastKnownFileType = folder.assetcatalog; path = Assets.xcassets; sourceTree = "<group>"; };
		6C566B96251934F90095ABAF /* Preview Assets.xcassets */ = {isa = PBXFileReference; lastKnownFileType = folder.assetcatalog; path = "Preview Assets.xcassets"; sourceTree = "<group>"; };
		6C566B99251934F90095ABAF /* Base */ = {isa = PBXFileReference; lastKnownFileType = file.storyboard; name = Base; path = Base.lproj/LaunchScreen.storyboard; sourceTree = "<group>"; };
		6C566B9B251934F90095ABAF /* Info.plist */ = {isa = PBXFileReference; lastKnownFileType = text.plist.xml; path = Info.plist; sourceTree = "<group>"; };
		6C566BA0251934F90095ABAF /* SearchFilterTests.xctest */ = {isa = PBXFileReference; explicitFileType = wrapper.cfbundle; includeInIndex = 0; path = SearchFilterTests.xctest; sourceTree = BUILT_PRODUCTS_DIR; };
		6C566BA4251934F90095ABAF /* SearchFilterTests.swift */ = {isa = PBXFileReference; lastKnownFileType = sourcecode.swift; path = SearchFilterTests.swift; sourceTree = "<group>"; };
		6C566BA6251934F90095ABAF /* Info.plist */ = {isa = PBXFileReference; lastKnownFileType = text.plist.xml; path = Info.plist; sourceTree = "<group>"; };
		6C566BAB251934F90095ABAF /* SearchFilterUITests.xctest */ = {isa = PBXFileReference; explicitFileType = wrapper.cfbundle; includeInIndex = 0; path = SearchFilterUITests.xctest; sourceTree = BUILT_PRODUCTS_DIR; };
		6C566BAF251934F90095ABAF /* SearchFilterUITests.swift */ = {isa = PBXFileReference; lastKnownFileType = sourcecode.swift; path = SearchFilterUITests.swift; sourceTree = "<group>"; };
		6C566BB1251934F90095ABAF /* Info.plist */ = {isa = PBXFileReference; lastKnownFileType = text.plist.xml; path = Info.plist; sourceTree = "<group>"; };
/* End PBXFileReference section */

/* Begin PBXFrameworksBuildPhase section */
		6C566B87251934F60095ABAF /* Frameworks */ = {
			isa = PBXFrameworksBuildPhase;
			buildActionMask = 2147483647;
			files = (
			);
			runOnlyForDeploymentPostprocessing = 0;
		};
		6C566B9D251934F90095ABAF /* Frameworks */ = {
			isa = PBXFrameworksBuildPhase;
			buildActionMask = 2147483647;
			files = (
			);
			runOnlyForDeploymentPostprocessing = 0;
		};
		6C566BA8251934F90095ABAF /* Frameworks */ = {
			isa = PBXFrameworksBuildPhase;
			buildActionMask = 2147483647;
			files = (
			);
			runOnlyForDeploymentPostprocessing = 0;
		};
/* End PBXFrameworksBuildPhase section */

/* Begin PBXGroup section */
		6C566B81251934F60095ABAF = {
			isa = PBXGroup;
			children = (
				6C566B8C251934F60095ABAF /* SearchFilter */,
				6C566BA3251934F90095ABAF /* SearchFilterTests */,
				6C566BAE251934F90095ABAF /* SearchFilterUITests */,
				6C566B8B251934F60095ABAF /* Products */,
			);
			sourceTree = "<group>";
		};
		6C566B8B251934F60095ABAF /* Products */ = {
			isa = PBXGroup;
			children = (
				6C566B8A251934F60095ABAF /* SearchFilter.app */,
				6C566BA0251934F90095ABAF /* SearchFilterTests.xctest */,
				6C566BAB251934F90095ABAF /* SearchFilterUITests.xctest */,
			);
			name = Products;
			sourceTree = "<group>";
		};
		6C566B8C251934F60095ABAF /* SearchFilter */ = {
			isa = PBXGroup;
			children = (
				6C566B8D251934F60095ABAF /* AppDelegate.swift */,
				6C566B8F251934F60095ABAF /* SceneDelegate.swift */,
				6C566B91251934F60095ABAF /* ContentView.swift */,
				6C566B93251934F90095ABAF /* Assets.xcassets */,
				6C566B98251934F90095ABAF /* LaunchScreen.storyboard */,
				6C566B9B251934F90095ABAF /* Info.plist */,
				6C566B95251934F90095ABAF /* Preview Content */,
			);
			path = SearchFilter;
			sourceTree = "<group>";
		};
		6C566B95251934F90095ABAF /* Preview Content */ = {
			isa = PBXGroup;
			children = (
				6C566B96251934F90095ABAF /* Preview Assets.xcassets */,
			);
			path = "Preview Content";
			sourceTree = "<group>";
		};
		6C566BA3251934F90095ABAF /* SearchFilterTests */ = {
			isa = PBXGroup;
			children = (
				6C566BA4251934F90095ABAF /* SearchFilterTests.swift */,
				6C566BA6251934F90095ABAF /* Info.plist */,
			);
			path = SearchFilterTests;
			sourceTree = "<group>";
		};
		6C566BAE251934F90095ABAF /* SearchFilterUITests */ = {
			isa = PBXGroup;
			children = (
				6C566BAF251934F90095ABAF /* SearchFilterUITests.swift */,
				6C566BB1251934F90095ABAF /* Info.plist */,
			);
			path = SearchFilterUITests;
			sourceTree = "<group>";
		};
/* End PBXGroup section */

/* Begin PBXNativeTarget section */
		6C566B89251934F60095ABAF /* SearchFilter */ = {
			isa = PBXNativeTarget;
			buildConfigurationList = 6C566BB4251934FA0095ABAF /* Build configuration list for PBXNativeTarget "SearchFilter" */;
			buildPhases = (
				6C566B86251934F60095ABAF /* Sources */,
				6C566B87251934F60095ABAF /* Frameworks */,
				6C566B88251934F60095ABAF /* Resources */,
			);
			buildRules = (
			);
			dependencies = (
			);
			name = SearchFilter;
			productName = SearchFilter;
			productReference = 6C566B8A251934F60095ABAF /* SearchFilter.app */;
			productType = "com.apple.product-type.application";
		};
		6C566B9F251934F90095ABAF /* SearchFilterTests */ = {
			isa = PBXNativeTarget;
			buildConfigurationList = 6C566BB7251934FA0095ABAF /* Build configuration list for PBXNativeTarget "SearchFilterTests" */;
			buildPhases = (
				6C566B9C251934F90095ABAF /* Sources */,
				6C566B9D251934F90095ABAF /* Frameworks */,
				6C566B9E251934F90095ABAF /* Resources */,
			);
			buildRules = (
			);
			dependencies = (
				6C566BA2251934F90095ABAF /* PBXTargetDependency */,
			);
			name = SearchFilterTests;
			productName = SearchFilterTests;
			productReference = 6C566BA0251934F90095ABAF /* SearchFilterTests.xctest */;
			productType = "com.apple.product-type.bundle.unit-test";
		};
		6C566BAA251934F90095ABAF /* SearchFilterUITests */ = {
			isa = PBXNativeTarget;
			buildConfigurationList = 6C566BBA251934FA0095ABAF /* Build configuration list for PBXNativeTarget "SearchFilterUITests" */;
			buildPhases = (
				6C566BA7251934F90095ABAF /* Sources */,
				6C566BA8251934F90095ABAF /* Frameworks */,
				6C566BA9251934F90095ABAF /* Resources */,
			);
			buildRules = (
			);
			dependencies = (
				6C566BAD251934F90095ABAF /* PBXTargetDependency */,
			);
			name = SearchFilterUITests;
			productName = SearchFilterUITests;
			productReference = 6C566BAB251934F90095ABAF /* SearchFilterUITests.xctest */;
			productType = "com.apple.product-type.bundle.ui-testing";
		};
/* End PBXNativeTarget section */

/* Begin PBXProject section */
		6C566B82251934F60095ABAF /* Project object */ = {
			isa = PBXProject;
			attributes = {
				LastSwiftUpdateCheck = 1170;
				LastUpgradeCheck = 1170;
				ORGANIZATIONNAME = "Tom Terado";
				TargetAttributes = {
					6C566B89251934F60095ABAF = {
						CreatedOnToolsVersion = 11.7;
					};
					6C566B9F251934F90095ABAF = {
						CreatedOnToolsVersion = 11.7;
						TestTargetID = 6C566B89251934F60095ABAF;
					};
					6C566BAA251934F90095ABAF = {
						CreatedOnToolsVersion = 11.7;
						TestTargetID = 6C566B89251934F60095ABAF;
					};
				};
			};
			buildConfigurationList = 6C566B85251934F60095ABAF /* Build configuration list for PBXProject "SearchFilter" */;
			compatibilityVersion = "Xcode 9.3";
			developmentRegion = en;
			hasScannedForEncodings = 0;
			knownRegions = (
				en,
				Base,
			);
			mainGroup = 6C566B81251934F60095ABAF;
			productRefGroup = 6C566B8B251934F60095ABAF /* Products */;
			projectDirPath = "";
			projectRoot = "";
			targets = (
				6C566B89251934F60095ABAF /* SearchFilter */,
				6C566B9F251934F90095ABAF /* SearchFilterTests */,
				6C566BAA251934F90095ABAF /* SearchFilterUITests */,
			);
		};
/* End PBXProject section */

/* Begin PBXResourcesBuildPhase section */
		6C566B88251934F60095ABAF /* Resources */ = {
			isa = PBXResourcesBuildPhase;
			buildActionMask = 2147483647;
			files = (
				6C566B9A251934F90095ABAF /* LaunchScreen.storyboard in Resources */,
				6C566B97251934F90095ABAF /* Preview Assets.xcassets in Resources */,
				6C566B94251934F90095ABAF /* Assets.xcassets in Resources */,
			);
			runOnlyForDeploymentPostprocessing = 0;
		};
		6C566B9E251934F90095ABAF /* Resources */ = {
			isa = PBXResourcesBuildPhase;
			buildActionMask = 2147483647;
			files = (
			);
			runOnlyForDeploymentPostprocessing = 0;
		};
		6C566BA9251934F90095ABAF /* Resources */ = {
			isa = PBXResourcesBuildPhase;
			buildActionMask = 2147483647;
			files = (
			);
			runOnlyForDeploymentPostprocessing = 0;
		};
/* End PBXResourcesBuildPhase section */

/* Begin PBXSourcesBuildPhase section */
		6C566B86251934F60095ABAF /* Sources */ = {
			isa = PBXSourcesBuildPhase;
			buildActionMask = 2147483647;
			files = (
				6C566B8E251934F60095ABAF /* AppDelegate.swift in Sources */,
				6C566B90251934F60095ABAF /* SceneDelegate.swift in Sources */,
				6C566B92251934F60095ABAF /* ContentView.swift in Sources */,
			);
			runOnlyForDeploymentPostprocessing = 0;
		};
		6C566B9C251934F90095ABAF /* Sources */ = {
			isa = PBXSourcesBuildPhase;
			buildActionMask = 2147483647;
			files = (
				6C566BA5251934F90095ABAF /* SearchFilterTests.swift in Sources */,
			);
			runOnlyForDeploymentPostprocessing = 0;
		};
		6C566BA7251934F90095ABAF /* Sources */ = {
			isa = PBXSourcesBuildPhase;
			buildActionMask = 2147483647;
			files = (
				6C566BB0251934F90095ABAF /* SearchFilterUITests.swift in Sources */,
			);
			runOnlyForDeploymentPostprocessing = 0;
		};
/* End PBXSourcesBuildPhase section */

/* Begin PBXTargetDependency section */
		6C566BA2251934F90095ABAF /* PBXTargetDependency */ = {
			isa = PBXTargetDependency;
			target = 6C566B89251934F60095ABAF /* SearchFilter */;
			targetProxy = 6C566BA1251934F90095ABAF /* PBXContainerItemProxy */;
		};
		6C566BAD251934F90095ABAF /* PBXTargetDependency */ = {
			isa = PBXTargetDependency;
			target = 6C566B89251934F60095ABAF /* SearchFilter */;
			targetProxy = 6C566BAC251934F90095ABAF /* PBXContainerItemProxy */;
		};
/* End PBXTargetDependency section */

/* Begin PBXVariantGroup section */
		6C566B98251934F90095ABAF /* LaunchScreen.storyboard */ = {
			isa = PBXVariantGroup;
			children = (
				6C566B99251934F90095ABAF /* Base */,
			);
			name = LaunchScreen.storyboard;
			sourceTree = "<group>";
		};
/* End PBXVariantGroup section */

/* Begin XCBuildConfiguration section */
		6C566BB2251934FA0095ABAF /* Debug */ = {
			isa = XCBuildConfiguration;
			buildSettings = {
				ALWAYS_SEARCH_USER_PATHS = NO;
				CLANG_ANALYZER_NONNULL = YES;
				CLANG_ANALYZER_NUMBER_OBJECT_CONVERSION = YES_AGGRESSIVE;
				CLANG_CXX_LANGUAGE_STANDARD = "gnu++14";
				CLANG_CXX_LIBRARY = "libc++";
				CLANG_ENABLE_MODULES = YES;
				CLANG_ENABLE_OBJC_ARC = YES;
				CLANG_ENABLE_OBJC_WEAK = YES;
				CLANG_WARN_BLOCK_CAPTURE_AUTORELEASING = YES;
				CLANG_WARN_BOOL_CONVERSION = YES;
				CLANG_WARN_COMMA = YES;
				CLANG_WARN_CONSTANT_CONVERSION = YES;
				CLANG_WARN_DEPRECATED_OBJC_IMPLEMENTATIONS = YES;
				CLANG_WARN_DIRECT_OBJC_ISA_USAGE = YES_ERROR;
				CLANG_WARN_DOCUMENTATION_COMMENTS = YES;
				CLANG_WARN_EMPTY_BODY = YES;
				CLANG_WARN_ENUM_CONVERSION = YES;
				CLANG_WARN_INFINITE_RECURSION = YES;
				CLANG_WARN_INT_CONVERSION = YES;
				CLANG_WARN_NON_LITERAL_NULL_CONVERSION = YES;
				CLANG_WARN_OBJC_IMPLICIT_RETAIN_SELF = YES;
				CLANG_WARN_OBJC_LITERAL_CONVERSION = YES;
				CLANG_WARN_OBJC_ROOT_CLASS = YES_ERROR;
				CLANG_WARN_RANGE_LOOP_ANALYSIS = YES;
				CLANG_WARN_STRICT_PROTOTYPES = YES;
				CLANG_WARN_SUSPICIOUS_MOVE = YES;
				CLANG_WARN_UNGUARDED_AVAILABILITY = YES_AGGRESSIVE;
				CLANG_WARN_UNREACHABLE_CODE = YES;
				CLANG_WARN__DUPLICATE_METHOD_MATCH = YES;
				COPY_PHASE_STRIP = NO;
				DEBUG_INFORMATION_FORMAT = dwarf;
				ENABLE_STRICT_OBJC_MSGSEND = YES;
				ENABLE_TESTABILITY = YES;
				GCC_C_LANGUAGE_STANDARD = gnu11;
				GCC_DYNAMIC_NO_PIC = NO;
				GCC_NO_COMMON_BLOCKS = YES;
				GCC_OPTIMIZATION_LEVEL = 0;
				GCC_PREPROCESSOR_DEFINITIONS = (
					"DEBUG=1",
					"$(inherited)",
				);
				GCC_WARN_64_TO_32_BIT_CONVERSION = YES;
				GCC_WARN_ABOUT_RETURN_TYPE = YES_ERROR;
				GCC_WARN_UNDECLARED_SELECTOR = YES;
				GCC_WARN_UNINITIALIZED_AUTOS = YES_AGGRESSIVE;
				GCC_WARN_UNUSED_FUNCTION = YES;
				GCC_WARN_UNUSED_VARIABLE = YES;
				IPHONEOS_DEPLOYMENT_TARGET = 13.7;
				MTL_ENABLE_DEBUG_INFO = INCLUDE_SOURCE;
				MTL_FAST_MATH = YES;
				ONLY_ACTIVE_ARCH = YES;
				SDKROOT = iphoneos;
				SWIFT_ACTIVE_COMPILATION_CONDITIONS = DEBUG;
				SWIFT_OPTIMIZATION_LEVEL = "-Onone";
			};
			name = Debug;
		};
		6C566BB3251934FA0095ABAF /* Release */ = {
			isa = XCBuildConfiguration;
			buildSettings = {
				ALWAYS_SEARCH_USER_PATHS = NO;
				CLANG_ANALYZER_NONNULL = YES;
				CLANG_ANALYZER_NUMBER_OBJECT_CONVERSION = YES_AGGRESSIVE;
				CLANG_CXX_LANGUAGE_STANDARD = "gnu++14";
				CLANG_CXX_LIBRARY = "libc++";
				CLANG_ENABLE_MODULES = YES;
				CLANG_ENABLE_OBJC_ARC = YES;
				CLANG_ENABLE_OBJC_WEAK = YES;
				CLANG_WARN_BLOCK_CAPTURE_AUTORELEASING = YES;
				CLANG_WARN_BOOL_CONVERSION = YES;
				CLANG_WARN_COMMA = YES;
				CLANG_WARN_CONSTANT_CONVERSION = YES;
				CLANG_WARN_DEPRECATED_OBJC_IMPLEMENTATIONS = YES;
				CLANG_WARN_DIRECT_OBJC_ISA_USAGE = YES_ERROR;
				CLANG_WARN_DOCUMENTATION_COMMENTS = YES;
				CLANG_WARN_EMPTY_BODY = YES;
				CLANG_WARN_ENUM_CONVERSION = YES;
				CLANG_WARN_INFINITE_RECURSION = YES;
				CLANG_WARN_INT_CONVERSION = YES;
				CLANG_WARN_NON_LITERAL_NULL_CONVERSION = YES;
				CLANG_WARN_OBJC_IMPLICIT_RETAIN_SELF = YES;
				CLANG_WARN_OBJC_LITERAL_CONVERSION = YES;
				CLANG_WARN_OBJC_ROOT_CLASS = YES_ERROR;
				CLANG_WARN_RANGE_LOOP_ANALYSIS = YES;
				CLANG_WARN_STRICT_PROTOTYPES = YES;
				CLANG_WARN_SUSPICIOUS_MOVE = YES;
				CLANG_WARN_UNGUARDED_AVAILABILITY = YES_AGGRESSIVE;
				CLANG_WARN_UNREACHABLE_CODE = YES;
				CLANG_WARN__DUPLICATE_METHOD_MATCH = YES;
				COPY_PHASE_STRIP = NO;
				DEBUG_INFORMATION_FORMAT = "dwarf-with-dsym";
				ENABLE_NS_ASSERTIONS = NO;
				ENABLE_STRICT_OBJC_MSGSEND = YES;
				GCC_C_LANGUAGE_STANDARD = gnu11;
				GCC_NO_COMMON_BLOCKS = YES;
				GCC_WARN_64_TO_32_BIT_CONVERSION = YES;
				GCC_WARN_ABOUT_RETURN_TYPE = YES_ERROR;
				GCC_WARN_UNDECLARED_SELECTOR = YES;
				GCC_WARN_UNINITIALIZED_AUTOS = YES_AGGRESSIVE;
				GCC_WARN_UNUSED_FUNCTION = YES;
				GCC_WARN_UNUSED_VARIABLE = YES;
				IPHONEOS_DEPLOYMENT_TARGET = 13.7;
				MTL_ENABLE_DEBUG_INFO = NO;
				MTL_FAST_MATH = YES;
				SDKROOT = iphoneos;
				SWIFT_COMPILATION_MODE = wholemodule;
				SWIFT_OPTIMIZATION_LEVEL = "-O";
				VALIDATE_PRODUCT = YES;
			};
			name = Release;
		};
		6C566BB5251934FA0095ABAF /* Debug */ = {
			isa = XCBuildConfiguration;
			buildSettings = {
				ASSETCATALOG_COMPILER_APPICON_NAME = AppIcon;
				CODE_SIGN_STYLE = Automatic;
				DEVELOPMENT_ASSET_PATHS = "\"SearchFilter/Preview Content\"";
				DEVELOPMENT_TEAM = 9MNUE47E4F;
				ENABLE_PREVIEWS = YES;
				INFOPLIST_FILE = SearchFilter/Info.plist;
				LD_RUNPATH_SEARCH_PATHS = (
					"$(inherited)",
					"@executable_path/Frameworks",
				);
				PRODUCT_BUNDLE_IDENTIFIER = tomterado.SearchFilter;
				PRODUCT_NAME = "$(TARGET_NAME)";
				SWIFT_VERSION = 5.0;
				TARGETED_DEVICE_FAMILY = "1,2";
			};
			name = Debug;
		};
		6C566BB6251934FA0095ABAF /* Release */ = {
			isa = XCBuildConfiguration;
			buildSettings = {
				ASSETCATALOG_COMPILER_APPICON_NAME = AppIcon;
				CODE_SIGN_STYLE = Automatic;
				DEVELOPMENT_ASSET_PATHS = "\"SearchFilter/Preview Content\"";
				DEVELOPMENT_TEAM = 9MNUE47E4F;
				ENABLE_PREVIEWS = YES;
				INFOPLIST_FILE = SearchFilter/Info.plist;
				LD_RUNPATH_SEARCH_PATHS = (
					"$(inherited)",
					"@executable_path/Frameworks",
				);
				PRODUCT_BUNDLE_IDENTIFIER = tomterado.SearchFilter;
				PRODUCT_NAME = "$(TARGET_NAME)";
				SWIFT_VERSION = 5.0;
				TARGETED_DEVICE_FAMILY = "1,2";
			};
			name = Release;
		};
		6C566BB8251934FA0095ABAF /* Debug */ = {
			isa = XCBuildConfiguration;
			buildSettings = {
				ALWAYS_EMBED_SWIFT_STANDARD_LIBRARIES = YES;
				BUNDLE_LOADER = "$(TEST_HOST)";
				CODE_SIGN_STYLE = Automatic;
				DEVELOPMENT_TEAM = 9MNUE47E4F;
				INFOPLIST_FILE = SearchFilterTests/Info.plist;
				IPHONEOS_DEPLOYMENT_TARGET = 13.7;
				LD_RUNPATH_SEARCH_PATHS = (
					"$(inherited)",
					"@executable_path/Frameworks",
					"@loader_path/Frameworks",
				);
				PRODUCT_BUNDLE_IDENTIFIER = tomterado.SearchFilterTests;
				PRODUCT_NAME = "$(TARGET_NAME)";
				SWIFT_VERSION = 5.0;
				TARGETED_DEVICE_FAMILY = "1,2";
				TEST_HOST = "$(BUILT_PRODUCTS_DIR)/SearchFilter.app/SearchFilter";
			};
			name = Debug;
		};
		6C566BB9251934FA0095ABAF /* Release */ = {
			isa = XCBuildConfiguration;
			buildSettings = {
				ALWAYS_EMBED_SWIFT_STANDARD_LIBRARIES = YES;
				BUNDLE_LOADER = "$(TEST_HOST)";
				CODE_SIGN_STYLE = Automatic;
				DEVELOPMENT_TEAM = 9MNUE47E4F;
				INFOPLIST_FILE = SearchFilterTests/Info.plist;
				IPHONEOS_DEPLOYMENT_TARGET = 13.7;
				LD_RUNPATH_SEARCH_PATHS = (
					"$(inherited)",
					"@executable_path/Frameworks",
					"@loader_path/Frameworks",
				);
				PRODUCT_BUNDLE_IDENTIFIER = tomterado.SearchFilterTests;
				PRODUCT_NAME = "$(TARGET_NAME)";
				SWIFT_VERSION = 5.0;
				TARGETED_DEVICE_FAMILY = "1,2";
				TEST_HOST = "$(BUILT_PRODUCTS_DIR)/SearchFilter.app/SearchFilter";
			};
			name = Release;
		};
		6C566BBB251934FA0095ABAF /* Debug */ = {
			isa = XCBuildConfiguration;
			buildSettings = {
				ALWAYS_EMBED_SWIFT_STANDARD_LIBRARIES = YES;
				CODE_SIGN_STYLE = Automatic;
				DEVELOPMENT_TEAM = 9MNUE47E4F;
				INFOPLIST_FILE = SearchFilterUITests/Info.plist;
				LD_RUNPATH_SEARCH_PATHS = (
					"$(inherited)",
					"@executable_path/Frameworks",
					"@loader_path/Frameworks",
				);
				PRODUCT_BUNDLE_IDENTIFIER = tomterado.SearchFilterUITests;
				PRODUCT_NAME = "$(TARGET_NAME)";
				SWIFT_VERSION = 5.0;
				TARGETED_DEVICE_FAMILY = "1,2";
				TEST_TARGET_NAME = SearchFilter;
			};
			name = Debug;
		};
		6C566BBC251934FA0095ABAF /* Release */ = {
			isa = XCBuildConfiguration;
			buildSettings = {
				ALWAYS_EMBED_SWIFT_STANDARD_LIBRARIES = YES;
				CODE_SIGN_STYLE = Automatic;
				DEVELOPMENT_TEAM = 9MNUE47E4F;
				INFOPLIST_FILE = SearchFilterUITests/Info.plist;
				LD_RUNPATH_SEARCH_PATHS = (
					"$(inherited)",
					"@executable_path/Frameworks",
					"@loader_path/Frameworks",
				);
				PRODUCT_BUNDLE_IDENTIFIER = tomterado.SearchFilterUITests;
				PRODUCT_NAME = "$(TARGET_NAME)";
				SWIFT_VERSION = 5.0;
				TARGETED_DEVICE_FAMILY = "1,2";
				TEST_TARGET_NAME = SearchFilter;
			};
			name = Release;
		};
/* End XCBuildConfiguration section */

/* Begin XCConfigurationList section */
		6C566B85251934F60095ABAF /* Build configuration list for PBXProject "SearchFilter" */ = {
			isa = XCConfigurationList;
			buildConfigurations = (
				6C566BB2251934FA0095ABAF /* Debug */,
				6C566BB3251934FA0095ABAF /* Release */,
			);
			defaultConfigurationIsVisible = 0;
			defaultConfigurationName = Release;
		};
		6C566BB4251934FA0095ABAF /* Build configuration list for PBXNativeTarget "SearchFilter" */ = {
			isa = XCConfigurationList;
			buildConfigurations = (
				6C566BB5251934FA0095ABAF /* Debug */,
				6C566BB6251934FA0095ABAF /* Release */,
			);
			defaultConfigurationIsVisible = 0;
			defaultConfigurationName = Release;
		};
		6C566BB7251934FA0095ABAF /* Build configuration list for PBXNativeTarget "SearchFilterTests" */ = {
			isa = XCConfigurationList;
			buildConfigurations = (
				6C566BB8251934FA0095ABAF /* Debug */,
				6C566BB9251934FA0095ABAF /* Release */,
			);
			defaultConfigurationIsVisible = 0;
			defaultConfigurationName = Release;
		};
		6C566BBA251934FA0095ABAF /* Build configuration list for PBXNativeTarget "SearchFilterUITests" */ = {
			isa = XCConfigurationList;
			buildConfigurations = (
				6C566BBB251934FA0095ABAF /* Debug */,
				6C566BBC251934FA0095ABAF /* Release */,
			);
			defaultConfigurationIsVisible = 0;
			defaultConfigurationName = Release;
		};
/* End XCConfigurationList section */
	};
	rootObject = 6C566B82251934F60095ABAF /* Project object */;
}
